lockfileVersion: '9.0'

settings:
  autoInstallPeers: true
  excludeLinksFromLockfile: false

importers:

  .:
    dependencies:
      swiper:
        specifier: ^11.1.15
        version: 11.1.15

packages:

  swiper@11.1.15:
    resolution: {integrity: sha512-IzWeU34WwC7gbhjKsjkImTuCRf+lRbO6cnxMGs88iVNKDwV+xQpBCJxZ4bNH6gSrIbbyVJ1kuGzo3JTtz//CBw==}
    engines: {node: '>= 4.7.0'}

snapshots:

  swiper@11.1.15: {}
